# This file is autogenerated, do not edit; changes may be undone by the next 'dep ensure'.


[[projects]]
  name = "github.com/esimov/colidr"
  packages = ["."]
  revision = "52cd0d7e961a40763a8d398869a1f1cfa3943dbb"
  version = "1.0.1"

[[projects]]
  name = "gocv.io/x/gocv"
  packages = ["."]
  revision = "116580adca5ee7dbf8d1307c9072f5094051116f"
  version = "v0.16.0"

[solve-meta]
  analyzer-name = "dep"
  analyzer-version = 1
  inputs-digest = "397a1cd9fb1cfc2d022c047a5e157f17df038357238a360ebe028d4c0ea10e7a"
  solver-name = "gps-cdcl"
  solver-version = 1
